<?xml version="1.0" encoding="utf-8"?>
<Project ToolsVersion="4.0" xmlns="http://schemas.microsoft.com/developer/msbuild/2003">
  <ItemGroup>
    <Filter Include="Source Files">
      <UniqueIdentifier>{4FC737F1-C7A5-4376-A066-2A32D752A2FF}</UniqueIdentifier>
      <Extensions>cpp;c;cc;cxx;c++;cppm;ixx;def;odl;idl;hpj;bat;asm;asmx</Extensions>
    </Filter>
    <Filter Include="Header Files">
      <UniqueIdentifier>{93995380-89BD-4b04-88EB-625FBE52EBFB}</UniqueIdentifier>
      <Extensions>h;hh;hpp;hxx;h++;hm;inl;inc;ipp;xsd</Extensions>
    </Filter>
    <Filter Include="Resource Files">
      <UniqueIdentifier>{67DA6AB6-F800-4c08-8B7A-83BB121AAD01}</UniqueIdentifier>
      <Extensions>rc;ico;cur;bmp;dlg;rc2;rct;bin;rgs;gif;jpg;jpeg;jpe;resx;tiff;tif;png;wav;mfcribbon-ms</Extensions>
    </Filter>
  </ItemGroup>
  <ItemGroup>
    <ClCompile Include="ApplicationWrapper.cpp">
      <Filter>Source Files</Filter>
    </ClCompile>
    <ClCompile Include="EuroCallOption.cpp">
      <Filter>Source Files</Filter>
    </ClCompile>
    <ClCompile Include="FlatTermStructure.cpp">
      <Filter>Source Files</Filter>
    </ClCompile>
    <ClCompile Include="GBMModel.cpp">
      <Filter>Source Files</Filter>
    </ClCompile>
    <ClCompile Include="Input.cpp">
      <Filter>Source Files</Filter>
    </ClCompile>
    <ClCompile Include="main.cpp">
      <Filter>Source Files</Filter>
    </ClCompile>
    <ClCompile Include="MCSimulation.cpp">
      <Filter>Source Files</Filter>
    </ClCompile>
    <ClCompile Include="ModelBase.cpp">
      <Filter>Source Files</Filter>
    </ClCompile>
    <ClCompile Include="OptionBase.cpp">
      <Filter>Source Files</Filter>
    </ClCompile>
    <ClCompile Include="PseudoFactory.cpp">
      <Filter>Source Files</Filter>
    </ClCompile>
    <ClCompile Include="Valuation.cpp">
      <Filter>Source Files</Filter>
    </ClCompile>
    <ClCompile Include="ValuationBase.cpp">
      <Filter>Source Files</Filter>
    </ClCompile>
    <ClCompile Include="ValuationMethodBase.cpp">
      <Filter>Source Files</Filter>
    </ClCompile>
    <ClCompile Include="rv.cpp">
      <Filter>Source Files</Filter>
    </ClCompile>
    <ClCompile Include="RandomBase.cpp">
      <Filter>Source Files</Filter>
    </ClCompile>
    <ClCompile Include="RandomMersenneTwister.cpp">
      <Filter>Source Files</Filter>
    </ClCompile>
    <ClCompile Include="HestonModel.cpp">
      <Filter>Source Files</Filter>
    </ClCompile>
    <ClCompile Include="VarianceGammaModel.cpp">
      <Filter>Source Files</Filter>
    </ClCompile>
    <ClCompile Include="AsianCallOption.cpp">
      <Filter>Source Files</Filter>
    </ClCompile>
    <ClCompile Include="AnalyticalFormulas.cpp">
      <Filter>Source Files</Filter>
    </ClCompile>
    <ClCompile Include="HestonDiscretizationBase.cpp">
      <Filter>Source Files</Filter>
    </ClCompile>
  </ItemGroup>
  <ItemGroup>
    <ClInclude Include="ApplicationBase.h">
      <Filter>Header Files</Filter>
    </ClInclude>
    <ClInclude Include="ApplicationWrapper.h">
      <Filter>Header Files</Filter>
    </ClInclude>
    <ClInclude Include="EuroCallOption.h">
      <Filter>Header Files</Filter>
    </ClInclude>
    <ClInclude Include="FlatTermStructure.h">
      <Filter>Header Files</Filter>
    </ClInclude>
    <ClInclude Include="GBMModel.h">
      <Filter>Header Files</Filter>
    </ClInclude>
    <ClInclude Include="Input.h">
      <Filter>Header Files</Filter>
    </ClInclude>
    <ClInclude Include="MCGatherer.h">
      <Filter>Header Files</Filter>
    </ClInclude>
    <ClInclude Include="MCSimulation.h">
      <Filter>Header Files</Filter>
    </ClInclude>
    <ClInclude Include="ModelBase.h">
      <Filter>Header Files</Filter>
    </ClInclude>
    <ClInclude Include="OptionBase.h">
      <Filter>Header Files</Filter>
    </ClInclude>
    <ClInclude Include="PseudoFactory.h">
      <Filter>Header Files</Filter>
    </ClInclude>
    <ClInclude Include="TermStructureBase.h">
      <Filter>Header Files</Filter>
    </ClInclude>
    <ClInclude Include="Valuation.h">
      <Filter>Header Files</Filter>
    </ClInclude>
    <ClInclude Include="ValuationMethodBase.h">
      <Filter>Header Files</Filter>
    </ClInclude>
    <ClInclude Include="rv.h">
      <Filter>Header Files</Filter>
    </ClInclude>
    <ClInclude Include="RandomBase.h">
      <Filter>Header Files</Filter>
    </ClInclude>
    <ClInclude Include="RandomMersenneTwister.h">
      <Filter>Header Files</Filter>
    </ClInclude>
    <ClInclude Include="HestonModel.h">
      <Filter>Header Files</Filter>
    </ClInclude>
    <ClInclude Include="VarianceGammaModel.h">
      <Filter>Header Files</Filter>
    </ClInclude>
    <ClInclude Include="AsianCallOption.h">
      <Filter>Header Files</Filter>
    </ClInclude>
    <ClInclude Include="GreekDelta.h">
      <Filter>Header Files</Filter>
    </ClInclude>
    <ClInclude Include="GreekVega.h">
      <Filter>Header Files</Filter>
    </ClInclude>
    <ClInclude Include="GreekGamma.h">
      <Filter>Header Files</Filter>
    </ClInclude>
    <ClInclude Include="AnalyticalFormulas.h">
      <Filter>Header Files</Filter>
    </ClInclude>
    <ClInclude Include="HestonDiscretizationBase.h">
      <Filter>Header Files</Filter>
    </ClInclude>
  </ItemGroup>
</Project>