<?xml version="1.0" encoding="utf-8"?>
<Project ToolsVersion="4.0" xmlns="http://schemas.microsoft.com/developer/msbuild/2003">
  <ItemGroup>
    <Filter Include="Source Files">
      <UniqueIdentifier>{4FC737F1-C7A5-4376-A066-2A32D752A2FF}</UniqueIdentifier>
      <Extensions>cpp;c;cc;cxx;c++;cppm;ixx;def;odl;idl;hpj;bat;asm;asmx</Extensions>
    </Filter>
    <Filter Include="Header Files">
      <UniqueIdentifier>{93995380-89BD-4b04-88EB-625FBE52EBFB}</UniqueIdentifier>
      <Extensions>h;hh;hpp;hxx;h++;hm;inl;inc;ipp;xsd</Extensions>
    </Filter>
    <Filter Include="Resource Files">
      <UniqueIdentifier>{67DA6AB6-F800-4c08-8B7A-83BB121AAD01}</UniqueIdentifier>
      <Extensions>rc;ico;cur;bmp;dlg;rc2;rct;bin;rgs;gif;jpg;jpeg;jpe;resx;tiff;tif;png;wav;mfcribbon-ms</Extensions>
    </Filter>
    <Filter Include="Header Files\Models">
      <UniqueIdentifier>{88e86d4c-a723-41bf-be6c-ca0a1d109bec}</UniqueIdentifier>
    </Filter>
    <Filter Include="Header Files\Models\BrownianPaths">
      <UniqueIdentifier>{3bc93481-7fb7-42f3-9581-29f9b109ee3c}</UniqueIdentifier>
    </Filter>
    <Filter Include="Source Files\Models">
      <UniqueIdentifier>{daa2cb6e-61f1-4556-81ea-c80141051bcb}</UniqueIdentifier>
    </Filter>
    <Filter Include="Source Files\Options">
      <UniqueIdentifier>{8777d53e-d7a7-4e4a-ae05-93ae1b2c862b}</UniqueIdentifier>
    </Filter>
    <Filter Include="Source Files\I/O">
      <UniqueIdentifier>{e5fe6710-9ba3-43c1-b280-71287cced3da}</UniqueIdentifier>
    </Filter>
    <Filter Include="Header Files\Options">
      <UniqueIdentifier>{3e3496d5-0527-4512-97d4-a1e584d3ee30}</UniqueIdentifier>
    </Filter>
    <Filter Include="Header Files\Input/Output">
      <UniqueIdentifier>{0376dbea-8167-45f0-a653-d37d8e1150ce}</UniqueIdentifier>
    </Filter>
    <Filter Include="Source Files\Models\BrownianPath">
      <UniqueIdentifier>{aa84b933-d532-46ff-8b3c-6db8a85ba760}</UniqueIdentifier>
    </Filter>
  </ItemGroup>
  <ItemGroup>
    <ClCompile Include="ApplicationWrapper.cpp">
      <Filter>Source Files</Filter>
    </ClCompile>
    <ClCompile Include="FlatTermStructure.cpp">
      <Filter>Source Files</Filter>
    </ClCompile>
    <ClCompile Include="main.cpp">
      <Filter>Source Files</Filter>
    </ClCompile>
    <ClCompile Include="MCSimulation.cpp">
      <Filter>Source Files</Filter>
    </ClCompile>
    <ClCompile Include="PseudoFactory.cpp">
      <Filter>Source Files</Filter>
    </ClCompile>
    <ClCompile Include="Valuation.cpp">
      <Filter>Source Files</Filter>
    </ClCompile>
    <ClCompile Include="ValuationBase.cpp">
      <Filter>Source Files</Filter>
    </ClCompile>
    <ClCompile Include="ValuationMethodBase.cpp">
      <Filter>Source Files</Filter>
    </ClCompile>
    <ClCompile Include="rv.cpp">
      <Filter>Source Files</Filter>
    </ClCompile>
    <ClCompile Include="RandomBase.cpp">
      <Filter>Source Files</Filter>
    </ClCompile>
    <ClCompile Include="RandomMersenneTwister.cpp">
      <Filter>Source Files</Filter>
    </ClCompile>
    <ClCompile Include="AnalyticalFormulas.cpp">
      <Filter>Source Files</Filter>
    </ClCompile>
    <ClCompile Include="VarianceGammaModel.cpp">
      <Filter>Source Files\Models</Filter>
    </ClCompile>
    <ClCompile Include="HestonModel.cpp">
      <Filter>Source Files\Models</Filter>
    </ClCompile>
    <ClCompile Include="GBMModel.cpp">
      <Filter>Source Files\Models</Filter>
    </ClCompile>
    <ClCompile Include="EuroCallOption.cpp">
      <Filter>Source Files\Options</Filter>
    </ClCompile>
    <ClCompile Include="AsianCallOption.cpp">
      <Filter>Source Files\Options</Filter>
    </ClCompile>
    <ClCompile Include="ModelBase.cpp">
      <Filter>Source Files\Models</Filter>
    </ClCompile>
    <ClCompile Include="OptionBase.cpp">
      <Filter>Source Files\Options</Filter>
    </ClCompile>
    <ClCompile Include="HestonHullWhiteModel.cpp">
      <Filter>Source Files\Models</Filter>
    </ClCompile>
    <ClCompile Include="FloatingLookBackCall.cpp">
      <Filter>Source Files\Options</Filter>
    </ClCompile>
    <ClCompile Include="Input.cpp">
      <Filter>Source Files\I/O</Filter>
    </ClCompile>
    <ClCompile Include="HestonDiscretizationBase.cpp">
      <Filter>Source Files\Models</Filter>
    </ClCompile>
    <ClCompile Include="BrownianMotionPathBase.cpp">
      <Filter>Source Files\Models\BrownianPath</Filter>
    </ClCompile>
    <ClCompile Include="PlainBrownianPath.cpp">
      <Filter>Source Files\Models\BrownianPath</Filter>
    </ClCompile>
    <ClCompile Include="ImportanceSampledPath.cpp">
      <Filter>Source Files\Models\BrownianPath</Filter>
    </ClCompile>
    <ClCompile Include="StochasticTermStructure.cpp">
      <Filter>Source Files</Filter>
    </ClCompile>
  </ItemGroup>
  <ItemGroup>
    <ClInclude Include="ApplicationBase.h">
      <Filter>Header Files</Filter>
    </ClInclude>
    <ClInclude Include="ApplicationWrapper.h">
      <Filter>Header Files</Filter>
    </ClInclude>
    <ClInclude Include="EuroCallOption.h">
      <Filter>Header Files</Filter>
    </ClInclude>
    <ClInclude Include="FlatTermStructure.h">
      <Filter>Header Files</Filter>
    </ClInclude>
    <ClInclude Include="Input.h">
      <Filter>Header Files</Filter>
    </ClInclude>
    <ClInclude Include="MCGatherer.h">
      <Filter>Header Files</Filter>
    </ClInclude>
    <ClInclude Include="MCSimulation.h">
      <Filter>Header Files</Filter>
    </ClInclude>
    <ClInclude Include="OptionBase.h">
      <Filter>Header Files</Filter>
    </ClInclude>
    <ClInclude Include="PseudoFactory.h">
      <Filter>Header Files</Filter>
    </ClInclude>
    <ClInclude Include="TermStructureBase.h">
      <Filter>Header Files</Filter>
    </ClInclude>
    <ClInclude Include="Valuation.h">
      <Filter>Header Files</Filter>
    </ClInclude>
    <ClInclude Include="ValuationMethodBase.h">
      <Filter>Header Files</Filter>
    </ClInclude>
    <ClInclude Include="rv.h">
      <Filter>Header Files</Filter>
    </ClInclude>
    <ClInclude Include="RandomBase.h">
      <Filter>Header Files</Filter>
    </ClInclude>
    <ClInclude Include="RandomMersenneTwister.h">
      <Filter>Header Files</Filter>
    </ClInclude>
    <ClInclude Include="AsianCallOption.h">
      <Filter>Header Files</Filter>
    </ClInclude>
    <ClInclude Include="GreekDelta.h">
      <Filter>Header Files</Filter>
    </ClInclude>
    <ClInclude Include="GreekVega.h">
      <Filter>Header Files</Filter>
    </ClInclude>
    <ClInclude Include="GreekGamma.h">
      <Filter>Header Files</Filter>
    </ClInclude>
    <ClInclude Include="AnalyticalFormulas.h">
      <Filter>Header Files</Filter>
    </ClInclude>
    <ClInclude Include="HestonDiscretizationBase.h">
      <Filter>Header Files</Filter>
    </ClInclude>
    <ClInclude Include="HestonModel.h">
      <Filter>Header Files\Models</Filter>
    </ClInclude>
    <ClInclude Include="GBMModel.h">
      <Filter>Header Files\Models</Filter>
    </ClInclude>
    <ClInclude Include="VarianceGammaModel.h">
      <Filter>Header Files\Models</Filter>
    </ClInclude>
    <ClInclude Include="BrownianMotionPathBase.h">
      <Filter>Header Files\Models\BrownianPaths</Filter>
    </ClInclude>
    <ClInclude Include="PlainBrownianPath.h">
      <Filter>Header Files\Models\BrownianPaths</Filter>
    </ClInclude>
    <ClInclude Include="HestonHullWhiteModel.h">
      <Filter>Header Files\Models</Filter>
    </ClInclude>
    <ClInclude Include="FloatingLookBackCall.h">
      <Filter>Header Files</Filter>
    </ClInclude>
    <ClInclude Include="ImportanceSampledPath.h">
      <Filter>Header Files\Models\BrownianPaths</Filter>
    </ClInclude>
    <ClInclude Include="ModelBase.h">
      <Filter>Header Files\Models</Filter>
    </ClInclude>
    <ClInclude Include="StochasticTermStructure.h">
      <Filter>Header Files</Filter>
    </ClInclude>
  </ItemGroup>
</Project>